
Microsoft Visual Studio Solution File, Format Version 12.00
# Visual Studio Version 17
VisualStudioVersion = 17.1.32228.430
MinimumVisualStudioVersion = 10.0.40219.1
Project("{9A19103F-16F7-4668-BE54-9A1E7A4F7556}") = "TestGrpc", "GRPCTESTER\TestGrpc.csproj", "{C2546310-FFC1-49CB-8AD2-2954B29C588C}"
EndProject
Global
	GlobalSection(SolutionConfigurationPlatforms) = preSolution
		Debug|Any CPU = Debug|Any CPU
		Release|Any CPU = Release|Any CPU
	EndGlobalSection
	GlobalSection(ProjectConfigurationPlatforms) = postSolution
		{C2546310-FFC1-49CB-8AD2-2954B29C588C}.Debug|Any CPU.ActiveCfg = Debug|Any CPU
		{C2546310-FFC1-49CB-8AD2-2954B29C588C}.Debug|Any CPU.Build.0 = Debug|Any CPU
		{C2546310-FFC1-49CB-8AD2-2954B29C588C}.Release|Any CPU.ActiveCfg = Release|Any CPU
		{C2546310-FFC1-49CB-8AD2-2954B29C588C}.Release|Any CPU.Build.0 = Release|Any CPU
	EndGlobalSection
	GlobalSection(SolutionProperties) = preSolution
		HideSolutionNode = FALSE
	EndGlobalSection
	GlobalSection(ExtensibilityGlobals) = postSolution
		SolutionGuid = {BF2F3378-32C2-49D8-903E-6D5956A78CC8}
	EndGlobalSection
EndGlobal
